// !$*UTF8*$!
{
	archiveVersion = 1;
	classes = {
	};
	objectVersion = 54;
	objects = {

/* Begin PBXBuildFile section */
		00E356F31AD99517003FC87E /* OmniTalkTests.m in Sources */ = {isa = PBXBuildFile; fileRef = 00E356F21AD99517003FC87E /* OmniTalkTests.m */; };
		13B07FBC1A68108700A75B9A /* AppDelegate.m in Sources */ = {isa = PBXBuildFile; fileRef = 13B07FB01A68108700A75B9A /* AppDelegate.m */; };
		13B07FBF1A68108700A75B9A /* Images.xcassets in Resources */ = {isa = PBXBuildFile; fileRef = 13B07FB51A68108700A75B9A /* Images.xcassets */; };
		13B07FC11A68108700A75B9A /* main.m in Sources */ = {isa = PBXBuildFile; fileRef = 13B07FB71A68108700A75B9A /* main.m */; };
		81AB9BB82411601600AC10FF /* LaunchScreen.storyboard in Resources */ = {isa = PBXBuildFile; fileRef = 81AB9BB72411601600AC10FF /* LaunchScreen.storyboard */; };
		68AA13FD09C1450AA558F77A /* NunitoSans-Light.ttf in Resources */ = {isa = PBXBuildFile; fileRef = E47E29B8C1774A6BB17226F1 /* NunitoSans-Light.ttf */; };
		DB63642B342444E28769E854 /* NunitoSans-Black.ttf in Resources */ = {isa = PBXBuildFile; fileRef = 3650CD6D52234A2AA3DDB11A /* NunitoSans-Black.ttf */; };
		87048EBA78D143BD98C7EEB0 /* NunitoSans-BlackItalic.ttf in Resources */ = {isa = PBXBuildFile; fileRef = 3048B505C00C4928BE12BAEB /* NunitoSans-BlackItalic.ttf */; };
		1E19DA03C2ED4A5ABD37E491 /* NunitoSans-Bold.ttf in Resources */ = {isa = PBXBuildFile; fileRef = EC60F7C8145344BFAC58050C /* NunitoSans-Bold.ttf */; };
		7BFBF4CC39FE4AEA91CA6161 /* NunitoSans-BoldItalic.ttf in Resources */ = {isa = PBXBuildFile; fileRef = 309C6EBE823D453383BACB25 /* NunitoSans-BoldItalic.ttf */; };
		B715020E5CC149069AAA1728 /* NunitoSans-ExtraBold.ttf in Resources */ = {isa = PBXBuildFile; fileRef = 85A48550D12140F6BF7C7D33 /* NunitoSans-ExtraBold.ttf */; };
		AAB91F7C5AFF4CC6BE71C720 /* NunitoSans-ExtraBoldItalic.ttf in Resources */ = {isa = PBXBuildFile; fileRef = 3E5B93F7397C4ED4BE67D531 /* NunitoSans-ExtraBoldItalic.ttf */; };
		7141C737AFEF4A50890B232F /* NunitoSans-ExtraLight.ttf in Resources */ = {isa = PBXBuildFile; fileRef = 9B2CC93B8A4F42D6B57C419A /* NunitoSans-ExtraLight.ttf */; };
		FB6C8D74D9C04CAAA8005E86 /* NunitoSans-ExtraLightItalic.ttf in Resources */ = {isa = PBXBuildFile; fileRef = 0EDB3621F45F4F879F787A33 /* NunitoSans-ExtraLightItalic.ttf */; };
		0D3E9FBBF861428D9ACBC557 /* NunitoSans-Italic.ttf in Resources */ = {isa = PBXBuildFile; fileRef = DF2BE751C87644EAB6EECF91 /* NunitoSans-Italic.ttf */; };
		A14E9D6F33ED44128006A098 /* NunitoSans-LightItalic.ttf in Resources */ = {isa = PBXBuildFile; fileRef = 1C45724D04F046FEA9CAD392 /* NunitoSans-LightItalic.ttf */; };
		7680F61579964C38B17E33E2 /* NunitoSans-Regular.ttf in Resources */ = {isa = PBXBuildFile; fileRef = FC64CDE5D2C8433EA9B611DE /* NunitoSans-Regular.ttf */; };
		7012FC404CC04C2FBBF0EE29 /* NunitoSans-SemiBold.ttf in Resources */ = {isa = PBXBuildFile; fileRef = 4E1D6BB06FFC4B16B1D510C7 /* NunitoSans-SemiBold.ttf */; };
		66481A30C99A421B996BE288 /* NunitoSans-SemiBoldItalic.ttf in Resources */ = {isa = PBXBuildFile; fileRef = 83534D77E3F34334A7B71298 /* NunitoSans-SemiBoldItalic.ttf */; };
		AFC4544EF45C4A91A2269DEB /* AntDesign.ttf in Resources */ = {isa = PBXBuildFile; fileRef = 8C20B1416A10402DB19A50DF /* AntDesign.ttf */; };
		4DD1DD6AE5CB4D7FB6156909 /* Entypo.ttf in Resources */ = {isa = PBXBuildFile; fileRef = FB76F371A7784CC197018969 /* Entypo.ttf */; };
		C9093559A81A45249B8A0FF6 /* EvilIcons.ttf in Resources */ = {isa = PBXBuildFile; fileRef = 09E4C96DF0EA44238D9E4069 /* EvilIcons.ttf */; };
		A981B6F9CD0B4B39B02A19B0 /* Feather.ttf in Resources */ = {isa = PBXBuildFile; fileRef = 3C7F4AE950D1469FA4F87BAF /* Feather.ttf */; };
		4C4A930021B846D1928A90D7 /* FontAwesome.ttf in Resources */ = {isa = PBXBuildFile; fileRef = EAA1BCF8F34B4F5E91A23072 /* FontAwesome.ttf */; };
		101831018AD146B48F4A49F0 /* FontAwesome5_Brands.ttf in Resources */ = {isa = PBXBuildFile; fileRef = 0F9204CD81AC4012B99F7E2B /* FontAwesome5_Brands.ttf */; };
		EE13F6D395A84B368E9EBBEF /* FontAwesome5_Regular.ttf in Resources */ = {isa = PBXBuildFile; fileRef = 49F412321CAD41B8B8522F80 /* FontAwesome5_Regular.ttf */; };
		0F71C6030658402FA5F10875 /* FontAwesome5_Solid.ttf in Resources */ = {isa = PBXBuildFile; fileRef = D828F484079F4D70B6944971 /* FontAwesome5_Solid.ttf */; };
		954F165BA68D434F96E1004F /* Fontisto.ttf in Resources */ = {isa = PBXBuildFile; fileRef = DE2F5C3CC81E459DAC7102D4 /* Fontisto.ttf */; };
		55266DF76A244F3495EFB63E /* Foundation.ttf in Resources */ = {isa = PBXBuildFile; fileRef = 62E20399B55A4897AC1C980A /* Foundation.ttf */; };
		113804C722444DCFBA506070 /* Ionicons.ttf in Resources */ = {isa = PBXBuildFile; fileRef = 42DE060BDE0E43EE9453FA0F /* Ionicons.ttf */; };
		F1B2A5E9EE8840D699B4FFA3 /* MaterialCommunityIcons.ttf in Resources */ = {isa = PBXBuildFile; fileRef = AC1D7A61A607410B8A2B5558 /* MaterialCommunityIcons.ttf */; };
		57DBCF5812854FA1A640538F /* MaterialIcons.ttf in Resources */ = {isa = PBXBuildFile; fileRef = BA30A961DCFA4DCF959D4BF8 /* MaterialIcons.ttf */; };
		2B81E42657C54D47A41CA253 /* Octicons.ttf in Resources */ = {isa = PBXBuildFile; fileRef = 873EE1D74FD5470194F62434 /* Octicons.ttf */; };
		EEE919E2DFBD42E284AC406E /* SimpleLineIcons.ttf in Resources */ = {isa = PBXBuildFile; fileRef = F270F9FE560443B1BE57B947 /* SimpleLineIcons.ttf */; };
		421C720D1E11459797BA418B /* Zocial.ttf in Resources */ = {isa = PBXBuildFile; fileRef = 8DE7DDFECE024EBB9BE4C89C /* Zocial.ttf */; };
		DEC8C85BD30845CAA492AF9C /* NunitoSans-Light.ttf in Resources */ = {isa = PBXBuildFile; fileRef = F868066F15414BB2859BF007 /* NunitoSans-Light.ttf */; };
/* End PBXBuildFile section */

/* Begin PBXContainerItemProxy section */
		00E356F41AD99517003FC87E /* PBXContainerItemProxy */ = {
			isa = PBXContainerItemProxy;
			containerPortal = 83CBB9F71A601CBA00E9B192 /* Project object */;
			proxyType = 1;
			remoteGlobalIDString = 13B07F861A680F5B00A75B9A;
			remoteInfo = OmniTalk;
		};
/* End PBXContainerItemProxy section */

/* Begin PBXFileReference section */
		00E356EE1AD99517003FC87E /* OmniTalkTests.xctest */ = {isa = PBXFileReference; explicitFileType = wrapper.cfbundle; includeInIndex = 0; path = OmniTalkTests.xctest; sourceTree = BUILT_PRODUCTS_DIR; };
		00E356F11AD99517003FC87E /* Info.plist */ = {isa = PBXFileReference; lastKnownFileType = text.plist.xml; path = Info.plist; sourceTree = "<group>"; };
		00E356F21AD99517003FC87E /* OmniTalkTests.m */ = {isa = PBXFileReference; lastKnownFileType = sourcecode.c.objc; path = OmniTalkTests.m; sourceTree = "<group>"; };
		13B07F961A680F5B00A75B9A /* OmniTalk.app */ = {isa = PBXFileReference; explicitFileType = wrapper.application; includeInIndex = 0; path = OmniTalk.app; sourceTree = BUILT_PRODUCTS_DIR; };
		13B07FAF1A68108700A75B9A /* AppDelegate.h */ = {isa = PBXFileReference; fileEncoding = 4; lastKnownFileType = sourcecode.c.h; name = AppDelegate.h; path = OmniTalk/AppDelegate.h; sourceTree = "<group>"; };
		13B07FB01A68108700A75B9A /* AppDelegate.m */ = {isa = PBXFileReference; fileEncoding = 4; lastKnownFileType = sourcecode.c.objc; name = AppDelegate.m; path = OmniTalk/AppDelegate.m; sourceTree = "<group>"; };
		13B07FB51A68108700A75B9A /* Images.xcassets */ = {isa = PBXFileReference; lastKnownFileType = folder.assetcatalog; name = Images.xcassets; path = OmniTalk/Images.xcassets; sourceTree = "<group>"; };
		13B07FB61A68108700A75B9A /* Info.plist */ = {isa = PBXFileReference; fileEncoding = 4; lastKnownFileType = text.plist.xml; name = Info.plist; path = OmniTalk/Info.plist; sourceTree = "<group>"; };
		13B07FB71A68108700A75B9A /* main.m */ = {isa = PBXFileReference; fileEncoding = 4; lastKnownFileType = sourcecode.c.objc; name = main.m; path = OmniTalk/main.m; sourceTree = "<group>"; };
		81AB9BB72411601600AC10FF /* LaunchScreen.storyboard */ = {isa = PBXFileReference; fileEncoding = 4; lastKnownFileType = file.storyboard; name = LaunchScreen.storyboard; path = OmniTalk/LaunchScreen.storyboard; sourceTree = "<group>"; };
		ED297162215061F000B7C4FE /* JavaScriptCore.framework */ = {isa = PBXFileReference; lastKnownFileType = wrapper.framework; name = JavaScriptCore.framework; path = System/Library/Frameworks/JavaScriptCore.framework; sourceTree = SDKROOT; };
		E47E29B8C1774A6BB17226F1 /* NunitoSans-Light.ttf */ = {isa = PBXFileReference; name = "NunitoSans-Light.ttf"; path = "../src/assets/fonts/NunitoSans-Light.ttf"; sourceTree = "<group>"; fileEncoding = undefined; lastKnownFileType = unknown; explicitFileType = undefined; includeInIndex = 0; };
		3650CD6D52234A2AA3DDB11A /* NunitoSans-Black.ttf */ = {isa = PBXFileReference; name = "NunitoSans-Black.ttf"; path = "../src/assets/fonts/NunitoSans/NunitoSans-Black.ttf"; sourceTree = "<group>"; fileEncoding = undefined; lastKnownFileType = unknown; explicitFileType = undefined; includeInIndex = 0; };
		3048B505C00C4928BE12BAEB /* NunitoSans-BlackItalic.ttf */ = {isa = PBXFileReference; name = "NunitoSans-BlackItalic.ttf"; path = "../src/assets/fonts/NunitoSans/NunitoSans-BlackItalic.ttf"; sourceTree = "<group>"; fileEncoding = undefined; lastKnownFileType = unknown; explicitFileType = undefined; includeInIndex = 0; };
		EC60F7C8145344BFAC58050C /* NunitoSans-Bold.ttf */ = {isa = PBXFileReference; name = "NunitoSans-Bold.ttf"; path = "../src/assets/fonts/NunitoSans/NunitoSans-Bold.ttf"; sourceTree = "<group>"; fileEncoding = undefined; lastKnownFileType = unknown; explicitFileType = undefined; includeInIndex = 0; };
		309C6EBE823D453383BACB25 /* NunitoSans-BoldItalic.ttf */ = {isa = PBXFileReference; name = "NunitoSans-BoldItalic.ttf"; path = "../src/assets/fonts/NunitoSans/NunitoSans-BoldItalic.ttf"; sourceTree = "<group>"; fileEncoding = undefined; lastKnownFileType = unknown; explicitFileType = undefined; includeInIndex = 0; };
		85A48550D12140F6BF7C7D33 /* NunitoSans-ExtraBold.ttf */ = {isa = PBXFileReference; name = "NunitoSans-ExtraBold.ttf"; path = "../src/assets/fonts/NunitoSans/NunitoSans-ExtraBold.ttf"; sourceTree = "<group>"; fileEncoding = undefined; lastKnownFileType = unknown; explicitFileType = undefined; includeInIndex = 0; };
		3E5B93F7397C4ED4BE67D531 /* NunitoSans-ExtraBoldItalic.ttf */ = {isa = PBXFileReference; name = "NunitoSans-ExtraBoldItalic.ttf"; path = "../src/assets/fonts/NunitoSans/NunitoSans-ExtraBoldItalic.ttf"; sourceTree = "<group>"; fileEncoding = undefined; lastKnownFileType = unknown; explicitFileType = undefined; includeInIndex = 0; };
		9B2CC93B8A4F42D6B57C419A /* NunitoSans-ExtraLight.ttf */ = {isa = PBXFileReference; name = "NunitoSans-ExtraLight.ttf"; path = "../src/assets/fonts/NunitoSans/NunitoSans-ExtraLight.ttf"; sourceTree = "<group>"; fileEncoding = undefined; lastKnownFileType = unknown; explicitFileType = undefined; includeInIndex = 0; };
		0EDB3621F45F4F879F787A33 /* NunitoSans-ExtraLightItalic.ttf */ = {isa = PBXFileReference; name = "NunitoSans-ExtraLightItalic.ttf"; path = "../src/assets/fonts/NunitoSans/NunitoSans-ExtraLightItalic.ttf"; sourceTree = "<group>"; fileEncoding = undefined; lastKnownFileType = unknown; explicitFileType = undefined; includeInIndex = 0; };
		DF2BE751C87644EAB6EECF91 /* NunitoSans-Italic.ttf */ = {isa = PBXFileReference; name = "NunitoSans-Italic.ttf"; path = "../src/assets/fonts/NunitoSans/NunitoSans-Italic.ttf"; sourceTree = "<group>"; fileEncoding = undefined; lastKnownFileType = unknown; explicitFileType = undefined; includeInIndex = 0; };
		1C45724D04F046FEA9CAD392 /* NunitoSans-LightItalic.ttf */ = {isa = PBXFileReference; name = "NunitoSans-LightItalic.ttf"; path = "../src/assets/fonts/NunitoSans/NunitoSans-LightItalic.ttf"; sourceTree = "<group>"; fileEncoding = undefined; lastKnownFileType = unknown; explicitFileType = undefined; includeInIndex = 0; };
		FC64CDE5D2C8433EA9B611DE /* NunitoSans-Regular.ttf */ = {isa = PBXFileReference; name = "NunitoSans-Regular.ttf"; path = "../src/assets/fonts/NunitoSans/NunitoSans-Regular.ttf"; sourceTree = "<group>"; fileEncoding = undefined; lastKnownFileType = unknown; explicitFileType = undefined; includeInIndex = 0; };
		4E1D6BB06FFC4B16B1D510C7 /* NunitoSans-SemiBold.ttf */ = {isa = PBXFileReference; name = "NunitoSans-SemiBold.ttf"; path = "../src/assets/fonts/NunitoSans/NunitoSans-SemiBold.ttf"; sourceTree = "<group>"; fileEncoding = undefined; lastKnownFileType = unknown; explicitFileType = undefined; includeInIndex = 0; };
		83534D77E3F34334A7B71298 /* NunitoSans-SemiBoldItalic.ttf */ = {isa = PBXFileReference; name = "NunitoSans-SemiBoldItalic.ttf"; path = "../src/assets/fonts/NunitoSans/NunitoSans-SemiBoldItalic.ttf"; sourceTree = "<group>"; fileEncoding = undefined; lastKnownFileType = unknown; explicitFileType = undefined; includeInIndex = 0; };
		8C20B1416A10402DB19A50DF /* AntDesign.ttf */ = {isa = PBXFileReference; name = "AntDesign.ttf"; path = "../node_modules/react-native-vector-icons/Fonts/AntDesign.ttf"; sourceTree = "<group>"; fileEncoding = undefined; lastKnownFileType = unknown; explicitFileType = undefined; includeInIndex = 0; };
		FB76F371A7784CC197018969 /* Entypo.ttf */ = {isa = PBXFileReference; name = "Entypo.ttf"; path = "../node_modules/react-native-vector-icons/Fonts/Entypo.ttf"; sourceTree = "<group>"; fileEncoding = undefined; lastKnownFileType = unknown; explicitFileType = undefined; includeInIndex = 0; };
		09E4C96DF0EA44238D9E4069 /* EvilIcons.ttf */ = {isa = PBXFileReference; name = "EvilIcons.ttf"; path = "../node_modules/react-native-vector-icons/Fonts/EvilIcons.ttf"; sourceTree = "<group>"; fileEncoding = undefined; lastKnownFileType = unknown; explicitFileType = undefined; includeInIndex = 0; };
		3C7F4AE950D1469FA4F87BAF /* Feather.ttf */ = {isa = PBXFileReference; name = "Feather.ttf"; path = "../node_modules/react-native-vector-icons/Fonts/Feather.ttf"; sourceTree = "<group>"; fileEncoding = undefined; lastKnownFileType = unknown; explicitFileType = undefined; includeInIndex = 0; };
		EAA1BCF8F34B4F5E91A23072 /* FontAwesome.ttf */ = {isa = PBXFileReference; name = "FontAwesome.ttf"; path = "../node_modules/react-native-vector-icons/Fonts/FontAwesome.ttf"; sourceTree = "<group>"; fileEncoding = undefined; lastKnownFileType = unknown; explicitFileType = undefined; includeInIndex = 0; };
		0F9204CD81AC4012B99F7E2B /* FontAwesome5_Brands.ttf */ = {isa = PBXFileReference; name = "FontAwesome5_Brands.ttf"; path = "../node_modules/react-native-vector-icons/Fonts/FontAwesome5_Brands.ttf"; sourceTree = "<group>"; fileEncoding = undefined; lastKnownFileType = unknown; explicitFileType = undefined; includeInIndex = 0; };
		49F412321CAD41B8B8522F80 /* FontAwesome5_Regular.ttf */ = {isa = PBXFileReference; name = "FontAwesome5_Regular.ttf"; path = "../node_modules/react-native-vector-icons/Fonts/FontAwesome5_Regular.ttf"; sourceTree = "<group>"; fileEncoding = undefined; lastKnownFileType = unknown; explicitFileType = undefined; includeInIndex = 0; };
		D828F484079F4D70B6944971 /* FontAwesome5_Solid.ttf */ = {isa = PBXFileReference; name = "FontAwesome5_Solid.ttf"; path = "../node_modules/react-native-vector-icons/Fonts/FontAwesome5_Solid.ttf"; sourceTree = "<group>"; fileEncoding = undefined; lastKnownFileType = unknown; explicitFileType = undefined; includeInIndex = 0; };
		DE2F5C3CC81E459DAC7102D4 /* Fontisto.ttf */ = {isa = PBXFileReference; name = "Fontisto.ttf"; path = "../node_modules/react-native-vector-icons/Fonts/Fontisto.ttf"; sourceTree = "<group>"; fileEncoding = undefined; lastKnownFileType = unknown; explicitFileType = undefined; includeInIndex = 0; };
		62E20399B55A4897AC1C980A /* Foundation.ttf */ = {isa = PBXFileReference; name = "Foundation.ttf"; path = "../node_modules/react-native-vector-icons/Fonts/Foundation.ttf"; sourceTree = "<group>"; fileEncoding = undefined; lastKnownFileType = unknown; explicitFileType = undefined; includeInIndex = 0; };
		42DE060BDE0E43EE9453FA0F /* Ionicons.ttf */ = {isa = PBXFileReference; name = "Ionicons.ttf"; path = "../node_modules/react-native-vector-icons/Fonts/Ionicons.ttf"; sourceTree = "<group>"; fileEncoding = undefined; lastKnownFileType = unknown; explicitFileType = undefined; includeInIndex = 0; };
		AC1D7A61A607410B8A2B5558 /* MaterialCommunityIcons.ttf */ = {isa = PBXFileReference; name = "MaterialCommunityIcons.ttf"; path = "../node_modules/react-native-vector-icons/Fonts/MaterialCommunityIcons.ttf"; sourceTree = "<group>"; fileEncoding = undefined; lastKnownFileType = unknown; explicitFileType = undefined; includeInIndex = 0; };
		BA30A961DCFA4DCF959D4BF8 /* MaterialIcons.ttf */ = {isa = PBXFileReference; name = "MaterialIcons.ttf"; path = "../node_modules/react-native-vector-icons/Fonts/MaterialIcons.ttf"; sourceTree = "<group>"; fileEncoding = undefined; lastKnownFileType = unknown; explicitFileType = undefined; includeInIndex = 0; };
		873EE1D74FD5470194F62434 /* Octicons.ttf */ = {isa = PBXFileReference; name = "Octicons.ttf"; path = "../node_modules/react-native-vector-icons/Fonts/Octicons.ttf"; sourceTree = "<group>"; fileEncoding = undefined; lastKnownFileType = unknown; explicitFileType = undefined; includeInIndex = 0; };
		F270F9FE560443B1BE57B947 /* SimpleLineIcons.ttf */ = {isa = PBXFileReference; name = "SimpleLineIcons.ttf"; path = "../node_modules/react-native-vector-icons/Fonts/SimpleLineIcons.ttf"; sourceTree = "<group>"; fileEncoding = undefined; lastKnownFileType = unknown; explicitFileType = undefined; includeInIndex = 0; };
		8DE7DDFECE024EBB9BE4C89C /* Zocial.ttf */ = {isa = PBXFileReference; name = "Zocial.ttf"; path = "../node_modules/react-native-vector-icons/Fonts/Zocial.ttf"; sourceTree = "<group>"; fileEncoding = undefined; lastKnownFileType = unknown; explicitFileType = undefined; includeInIndex = 0; };
		F868066F15414BB2859BF007 /* NunitoSans-Light.ttf */ = {isa = PBXFileReference; name = "NunitoSans-Light.ttf"; path = "../src/assets/fonts/NunitoSans/NunitoSans-Light.ttf"; sourceTree = "<group>"; fileEncoding = undefined; lastKnownFileType = unknown; explicitFileType = undefined; includeInIndex = 0; };
/* End PBXFileReference section */

/* Begin PBXFrameworksBuildPhase section */
		00E356EB1AD99517003FC87E /* Frameworks */ = {
			isa = PBXFrameworksBuildPhase;
			buildActionMask = 2147483647;
			files = (
			);
			runOnlyForDeploymentPostprocessing = 0;
		};
		13B07F8C1A680F5B00A75B9A /* Frameworks */ = {
			isa = PBXFrameworksBuildPhase;
			buildActionMask = 2147483647;
			files = (
			);
			runOnlyForDeploymentPostprocessing = 0;
		};
/* End PBXFrameworksBuildPhase section */

/* Begin PBXGroup section */
		00E356EF1AD99517003FC87E /* OmniTalkTests */ = {
			isa = PBXGroup;
			children = (
				00E356F21AD99517003FC87E /* OmniTalkTests.m */,
				00E356F01AD99517003FC87E /* Supporting Files */,
			);
			path = OmniTalkTests;
			sourceTree = "<group>";
		};
		00E356F01AD99517003FC87E /* Supporting Files */ = {
			isa = PBXGroup;
			children = (
				00E356F11AD99517003FC87E /* Info.plist */,
			);
			name = "Supporting Files";
			sourceTree = "<group>";
		};
		13B07FAE1A68108700A75B9A /* OmniTalk */ = {
			isa = PBXGroup;
			children = (
				13B07FAF1A68108700A75B9A /* AppDelegate.h */,
				13B07FB01A68108700A75B9A /* AppDelegate.m */,
				13B07FB51A68108700A75B9A /* Images.xcassets */,
				13B07FB61A68108700A75B9A /* Info.plist */,
				81AB9BB72411601600AC10FF /* LaunchScreen.storyboard */,
				13B07FB71A68108700A75B9A /* main.m */,
			);
			name = OmniTalk;
			sourceTree = "<group>";
		};
		2D16E6871FA4F8E400B85C8A /* Frameworks */ = {
			isa = PBXGroup;
			children = (
				ED297162215061F000B7C4FE /* JavaScriptCore.framework */,
			);
			name = Frameworks;
			sourceTree = "<group>";
		};
		832341AE1AAA6A7D00B99B32 /* Libraries */ = {
			isa = PBXGroup;
			children = (
			);
			name = Libraries;
			sourceTree = "<group>";
		};
		83CBB9F61A601CBA00E9B192 = {
			isa = PBXGroup;
			children = (
				13B07FAE1A68108700A75B9A /* OmniTalk */,
				832341AE1AAA6A7D00B99B32 /* Libraries */,
				00E356EF1AD99517003FC87E /* OmniTalkTests */,
				83CBBA001A601CBA00E9B192 /* Products */,
				2D16E6871FA4F8E400B85C8A /* Frameworks */,
				401DC6C3778E47EE8888813A /* Resources */,
			);
			indentWidth = 2;
			sourceTree = "<group>";
			tabWidth = 2;
			usesTabs = 0;
		};
		83CBBA001A601CBA00E9B192 /* Products */ = {
			isa = PBXGroup;
			children = (
				13B07F961A680F5B00A75B9A /* OmniTalk.app */,
				00E356EE1AD99517003FC87E /* OmniTalkTests.xctest */,
			);
			name = Products;
			sourceTree = "<group>";
		};
		401DC6C3778E47EE8888813A /* Resources */ = {
			isa = "PBXGroup";
			children = (
				E47E29B8C1774A6BB17226F1 /* NunitoSans-Light.ttf */,
				3650CD6D52234A2AA3DDB11A /* NunitoSans-Black.ttf */,
				3048B505C00C4928BE12BAEB /* NunitoSans-BlackItalic.ttf */,
				EC60F7C8145344BFAC58050C /* NunitoSans-Bold.ttf */,
				309C6EBE823D453383BACB25 /* NunitoSans-BoldItalic.ttf */,
				85A48550D12140F6BF7C7D33 /* NunitoSans-ExtraBold.ttf */,
				3E5B93F7397C4ED4BE67D531 /* NunitoSans-ExtraBoldItalic.ttf */,
				9B2CC93B8A4F42D6B57C419A /* NunitoSans-ExtraLight.ttf */,
				0EDB3621F45F4F879F787A33 /* NunitoSans-ExtraLightItalic.ttf */,
				DF2BE751C87644EAB6EECF91 /* NunitoSans-Italic.ttf */,
				1C45724D04F046FEA9CAD392 /* NunitoSans-LightItalic.ttf */,
				FC64CDE5D2C8433EA9B611DE /* NunitoSans-Regular.ttf */,
				4E1D6BB06FFC4B16B1D510C7 /* NunitoSans-SemiBold.ttf */,
				83534D77E3F34334A7B71298 /* NunitoSans-SemiBoldItalic.ttf */,
				8C20B1416A10402DB19A50DF /* AntDesign.ttf */,
				FB76F371A7784CC197018969 /* Entypo.ttf */,
				09E4C96DF0EA44238D9E4069 /* EvilIcons.ttf */,
				3C7F4AE950D1469FA4F87BAF /* Feather.ttf */,
				EAA1BCF8F34B4F5E91A23072 /* FontAwesome.ttf */,
				0F9204CD81AC4012B99F7E2B /* FontAwesome5_Brands.ttf */,
				49F412321CAD41B8B8522F80 /* FontAwesome5_Regular.ttf */,
				D828F484079F4D70B6944971 /* FontAwesome5_Solid.ttf */,
				DE2F5C3CC81E459DAC7102D4 /* Fontisto.ttf */,
				62E20399B55A4897AC1C980A /* Foundation.ttf */,
				42DE060BDE0E43EE9453FA0F /* Ionicons.ttf */,
				AC1D7A61A607410B8A2B5558 /* MaterialCommunityIcons.ttf */,
				BA30A961DCFA4DCF959D4BF8 /* MaterialIcons.ttf */,
				873EE1D74FD5470194F62434 /* Octicons.ttf */,
				F270F9FE560443B1BE57B947 /* SimpleLineIcons.ttf */,
				8DE7DDFECE024EBB9BE4C89C /* Zocial.ttf */,
				F868066F15414BB2859BF007 /* NunitoSans-Light.ttf */,
			);
			name = Resources;
			sourceTree = "<group>";
			path = "";
		};
/* End PBXGroup section */

/* Begin PBXNativeTarget section */
		00E356ED1AD99517003FC87E /* OmniTalkTests */ = {
			isa = PBXNativeTarget;
			buildConfigurationList = 00E357021AD99517003FC87E /* Build configuration list for PBXNativeTarget "OmniTalkTests" */;
			buildPhases = (
				00E356EA1AD99517003FC87E /* Sources */,
				00E356EB1AD99517003FC87E /* Frameworks */,
				00E356EC1AD99517003FC87E /* Resources */,
			);
			buildRules = (
			);
			dependencies = (
				00E356F51AD99517003FC87E /* PBXTargetDependency */,
			);
			name = OmniTalkTests;
			productName = OmniTalkTests;
			productReference = 00E356EE1AD99517003FC87E /* OmniTalkTests.xctest */;
			productType = "com.apple.product-type.bundle.unit-test";
		};
		13B07F861A680F5B00A75B9A /* OmniTalk */ = {
			isa = PBXNativeTarget;
			buildConfigurationList = 13B07F931A680F5B00A75B9A /* Build configuration list for PBXNativeTarget "OmniTalk" */;
			buildPhases = (
				FD10A7F022414F080027D42C /* Start Packager */,
				13B07F871A680F5B00A75B9A /* Sources */,
				13B07F8C1A680F5B00A75B9A /* Frameworks */,
				13B07F8E1A680F5B00A75B9A /* Resources */,
				00DD1BFF1BD5951E006B06BC /* Bundle React Native code and images */,
			);
			buildRules = (
			);
			dependencies = (
			);
			name = OmniTalk;
			productName = OmniTalk;
			productReference = 13B07F961A680F5B00A75B9A /* OmniTalk.app */;
			productType = "com.apple.product-type.application";
		};
/* End PBXNativeTarget section */

/* Begin PBXProject section */
		83CBB9F71A601CBA00E9B192 /* Project object */ = {
			isa = PBXProject;
			attributes = {
				LastUpgradeCheck = 1210;
				TargetAttributes = {
					00E356ED1AD99517003FC87E = {
						CreatedOnToolsVersion = 6.2;
						TestTargetID = 13B07F861A680F5B00A75B9A;
					};
					13B07F861A680F5B00A75B9A = {
						LastSwiftMigration = 1120;
					};
				};
			};
			buildConfigurationList = 83CBB9FA1A601CBA00E9B192 /* Build configuration list for PBXProject "OmniTalk" */;
			compatibilityVersion = "Xcode 12.0";
			developmentRegion = en;
			hasScannedForEncodings = 0;
			knownRegions = (
				en,
				Base,
			);
			mainGroup = 83CBB9F61A601CBA00E9B192;
			productRefGroup = 83CBBA001A601CBA00E9B192 /* Products */;
			projectDirPath = "";
			projectRoot = "";
			targets = (
				13B07F861A680F5B00A75B9A /* OmniTalk */,
				00E356ED1AD99517003FC87E /* OmniTalkTests */,
			);
		};
/* End PBXProject section */

/* Begin PBXResourcesBuildPhase section */
		00E356EC1AD99517003FC87E /* Resources */ = {
			isa = PBXResourcesBuildPhase;
			buildActionMask = 2147483647;
			files = (
			);
			runOnlyForDeploymentPostprocessing = 0;
		};
		13B07F8E1A680F5B00A75B9A /* Resources */ = {
			isa = PBXResourcesBuildPhase;
			buildActionMask = 2147483647;
			files = (
				81AB9BB82411601600AC10FF /* LaunchScreen.storyboard in Resources */,
				13B07FBF1A68108700A75B9A /* Images.xcassets in Resources */,
				68AA13FD09C1450AA558F77A /* NunitoSans-Light.ttf in Resources */,
				DB63642B342444E28769E854 /* NunitoSans-Black.ttf in Resources */,
				87048EBA78D143BD98C7EEB0 /* NunitoSans-BlackItalic.ttf in Resources */,
				1E19DA03C2ED4A5ABD37E491 /* NunitoSans-Bold.ttf in Resources */,
				7BFBF4CC39FE4AEA91CA6161 /* NunitoSans-BoldItalic.ttf in Resources */,
				B715020E5CC149069AAA1728 /* NunitoSans-ExtraBold.ttf in Resources */,
				AAB91F7C5AFF4CC6BE71C720 /* NunitoSans-ExtraBoldItalic.ttf in Resources */,
				7141C737AFEF4A50890B232F /* NunitoSans-ExtraLight.ttf in Resources */,
				FB6C8D74D9C04CAAA8005E86 /* NunitoSans-ExtraLightItalic.ttf in Resources */,
				0D3E9FBBF861428D9ACBC557 /* NunitoSans-Italic.ttf in Resources */,
				A14E9D6F33ED44128006A098 /* NunitoSans-LightItalic.ttf in Resources */,
				7680F61579964C38B17E33E2 /* NunitoSans-Regular.ttf in Resources */,
				7012FC404CC04C2FBBF0EE29 /* NunitoSans-SemiBold.ttf in Resources */,
				66481A30C99A421B996BE288 /* NunitoSans-SemiBoldItalic.ttf in Resources */,
				AFC4544EF45C4A91A2269DEB /* AntDesign.ttf in Resources */,
				4DD1DD6AE5CB4D7FB6156909 /* Entypo.ttf in Resources */,
				C9093559A81A45249B8A0FF6 /* EvilIcons.ttf in Resources */,
				A981B6F9CD0B4B39B02A19B0 /* Feather.ttf in Resources */,
				4C4A930021B846D1928A90D7 /* FontAwesome.ttf in Resources */,
				101831018AD146B48F4A49F0 /* FontAwesome5_Brands.ttf in Resources */,
				EE13F6D395A84B368E9EBBEF /* FontAwesome5_Regular.ttf in Resources */,
				0F71C6030658402FA5F10875 /* FontAwesome5_Solid.ttf in Resources */,
				954F165BA68D434F96E1004F /* Fontisto.ttf in Resources */,
				55266DF76A244F3495EFB63E /* Foundation.ttf in Resources */,
				113804C722444DCFBA506070 /* Ionicons.ttf in Resources */,
				F1B2A5E9EE8840D699B4FFA3 /* MaterialCommunityIcons.ttf in Resources */,
				57DBCF5812854FA1A640538F /* MaterialIcons.ttf in Resources */,
				2B81E42657C54D47A41CA253 /* Octicons.ttf in Resources */,
				EEE919E2DFBD42E284AC406E /* SimpleLineIcons.ttf in Resources */,
				421C720D1E11459797BA418B /* Zocial.ttf in Resources */,
				DEC8C85BD30845CAA492AF9C /* NunitoSans-Light.ttf in Resources */,
			);
			runOnlyForDeploymentPostprocessing = 0;
		};
/* End PBXResourcesBuildPhase section */

/* Begin PBXShellScriptBuildPhase section */
		00DD1BFF1BD5951E006B06BC /* Bundle React Native code and images */ = {
			isa = PBXShellScriptBuildPhase;
			buildActionMask = 2147483647;
			files = (
			);
			inputPaths = (
			);
			name = "Bundle React Native code and images";
			outputPaths = (
			);
			runOnlyForDeploymentPostprocessing = 0;
			shellPath = /bin/sh;
			shellScript = "set -e\n\nexport NODE_BINARY=node\n../node_modules/react-native/scripts/react-native-xcode.sh\n";
		};
		FD10A7F022414F080027D42C /* Start Packager */ = {
			isa = PBXShellScriptBuildPhase;
			buildActionMask = 2147483647;
			files = (
			);
			inputFileListPaths = (
			);
			inputPaths = (
			);
			name = "Start Packager";
			outputFileListPaths = (
			);
			outputPaths = (
			);
			runOnlyForDeploymentPostprocessing = 0;
			shellPath = /bin/sh;
			shellScript = "export RCT_METRO_PORT=\"${RCT_METRO_PORT:=8081}\"\necho \"export RCT_METRO_PORT=${RCT_METRO_PORT}\" > \"${SRCROOT}/../node_modules/react-native/scripts/.packager.env\"\nif [ -z \"${RCT_NO_LAUNCH_PACKAGER+xxx}\" ] ; then\n  if nc -w 5 -z localhost ${RCT_METRO_PORT} ; then\n    if ! curl -s \"http://localhost:${RCT_METRO_PORT}/status\" | grep -q \"packager-status:running\" ; then\n      echo \"Port ${RCT_METRO_PORT} already in use, packager is either not running or not running correctly\"\n      exit 2\n    fi\n  else\n    open \"$SRCROOT/../node_modules/react-native/scripts/launchPackager.command\" || echo \"Can't start packager automatically\"\n  fi\nfi\n";
			showEnvVarsInLog = 0;
		};
/* End PBXShellScriptBuildPhase section */

/* Begin PBXSourcesBuildPhase section */
		00E356EA1AD99517003FC87E /* Sources */ = {
			isa = PBXSourcesBuildPhase;
			buildActionMask = 2147483647;
			files = (
				00E356F31AD99517003FC87E /* OmniTalkTests.m in Sources */,
			);
			runOnlyForDeploymentPostprocessing = 0;
		};
		13B07F871A680F5B00A75B9A /* Sources */ = {
			isa = PBXSourcesBuildPhase;
			buildActionMask = 2147483647;
			files = (
				13B07FBC1A68108700A75B9A /* AppDelegate.m in Sources */,
				13B07FC11A68108700A75B9A /* main.m in Sources */,
			);
			runOnlyForDeploymentPostprocessing = 0;
		};
/* End PBXSourcesBuildPhase section */

/* Begin PBXTargetDependency section */
		00E356F51AD99517003FC87E /* PBXTargetDependency */ = {
			isa = PBXTargetDependency;
			target = 13B07F861A680F5B00A75B9A /* OmniTalk */;
			targetProxy = 00E356F41AD99517003FC87E /* PBXContainerItemProxy */;
		};
/* End PBXTargetDependency section */

/* Begin XCBuildConfiguration section */
		00E356F61AD99517003FC87E /* Debug */ = {
			isa = XCBuildConfiguration;
			buildSettings = {
				BUNDLE_LOADER = "$(TEST_HOST)";
				GCC_PREPROCESSOR_DEFINITIONS = (
					"DEBUG=1",
					"$(inherited)",
				);
				INFOPLIST_FILE = OmniTalkTests/Info.plist;
				IPHONEOS_DEPLOYMENT_TARGET = 11.0;
				LD_RUNPATH_SEARCH_PATHS = (
					"$(inherited)",
					"@executable_path/Frameworks",
					"@loader_path/Frameworks",
				);
				OTHER_LDFLAGS = (
					"-ObjC",
					"-lc++",
					"$(inherited)",
				);
				PRODUCT_BUNDLE_IDENTIFIER = "org.reactjs.native.example.$(PRODUCT_NAME:rfc1034identifier)";
				PRODUCT_NAME = "$(TARGET_NAME)";
				TEST_HOST = "$(BUILT_PRODUCTS_DIR)/OmniTalk.app/OmniTalk";
			};
			name = Debug;
		};
		00E356F71AD99517003FC87E /* Release */ = {
			isa = XCBuildConfiguration;
			buildSettings = {
				BUNDLE_LOADER = "$(TEST_HOST)";
				COPY_PHASE_STRIP = NO;
				INFOPLIST_FILE = OmniTalkTests/Info.plist;
				IPHONEOS_DEPLOYMENT_TARGET = 11.0;
				LD_RUNPATH_SEARCH_PATHS = (
					"$(inherited)",
					"@executable_path/Frameworks",
					"@loader_path/Frameworks",
				);
				OTHER_LDFLAGS = (
					"-ObjC",
					"-lc++",
					"$(inherited)",
				);
				PRODUCT_BUNDLE_IDENTIFIER = "org.reactjs.native.example.$(PRODUCT_NAME:rfc1034identifier)";
				PRODUCT_NAME = "$(TARGET_NAME)";
				TEST_HOST = "$(BUILT_PRODUCTS_DIR)/OmniTalk.app/OmniTalk";
			};
			name = Release;
		};
		13B07F941A680F5B00A75B9A /* Debug */ = {
			isa = XCBuildConfiguration;
			buildSettings = {
				ASSETCATALOG_COMPILER_APPICON_NAME = AppIcon;
				CLANG_ENABLE_MODULES = YES;
				CURRENT_PROJECT_VERSION = 1;
				ENABLE_BITCODE = NO;
				INFOPLIST_FILE = OmniTalk/Info.plist;
				LD_RUNPATH_SEARCH_PATHS = (
					"$(inherited)",
					"@executable_path/Frameworks",
				);
				OTHER_LDFLAGS = (
					"$(inherited)",
					"-ObjC",
					"-lc++",
				);
				PRODUCT_BUNDLE_IDENTIFIER = "org.reactjs.native.example.$(PRODUCT_NAME:rfc1034identifier)";
				PRODUCT_NAME = OmniTalk;
				SWIFT_OPTIMIZATION_LEVEL = "-Onone";
				SWIFT_VERSION = 5.0;
				VERSIONING_SYSTEM = "apple-generic";
			};
			name = Debug;
		};
		13B07F951A680F5B00A75B9A /* Release */ = {
			isa = XCBuildConfiguration;
			buildSettings = {
				ASSETCATALOG_COMPILER_APPICON_NAME = AppIcon;
				CLANG_ENABLE_MODULES = YES;
				CURRENT_PROJECT_VERSION = 1;
				INFOPLIST_FILE = OmniTalk/Info.plist;
				LD_RUNPATH_SEARCH_PATHS = (
					"$(inherited)",
					"@executable_path/Frameworks",
				);
				OTHER_LDFLAGS = (
					"$(inherited)",
					"-ObjC",
					"-lc++",
				);
				PRODUCT_BUNDLE_IDENTIFIER = "org.reactjs.native.example.$(PRODUCT_NAME:rfc1034identifier)";
				PRODUCT_NAME = OmniTalk;
				SWIFT_VERSION = 5.0;
				VERSIONING_SYSTEM = "apple-generic";
			};
			name = Release;
		};
		83CBBA201A601CBA00E9B192 /* Debug */ = {
			isa = XCBuildConfiguration;
			buildSettings = {
				ALWAYS_SEARCH_USER_PATHS = NO;
				CLANG_ANALYZER_LOCALIZABILITY_NONLOCALIZED = YES;
				CLANG_CXX_LANGUAGE_STANDARD = "gnu++0x";
				CLANG_CXX_LIBRARY = "libc++";
				CLANG_ENABLE_MODULES = YES;
				CLANG_ENABLE_OBJC_ARC = YES;
				CLANG_WARN_BLOCK_CAPTURE_AUTORELEASING = YES;
				CLANG_WARN_BOOL_CONVERSION = YES;
				CLANG_WARN_COMMA = YES;
				CLANG_WARN_CONSTANT_CONVERSION = YES;
				CLANG_WARN_DEPRECATED_OBJC_IMPLEMENTATIONS = YES;
				CLANG_WARN_DIRECT_OBJC_ISA_USAGE = YES_ERROR;
				CLANG_WARN_EMPTY_BODY = YES;
				CLANG_WARN_ENUM_CONVERSION = YES;
				CLANG_WARN_INFINITE_RECURSION = YES;
				CLANG_WARN_INT_CONVERSION = YES;
				CLANG_WARN_NON_LITERAL_NULL_CONVERSION = YES;
				CLANG_WARN_OBJC_IMPLICIT_RETAIN_SELF = YES;
				CLANG_WARN_OBJC_LITERAL_CONVERSION = YES;
				CLANG_WARN_OBJC_ROOT_CLASS = YES_ERROR;
				CLANG_WARN_QUOTED_INCLUDE_IN_FRAMEWORK_HEADER = YES;
				CLANG_WARN_RANGE_LOOP_ANALYSIS = YES;
				CLANG_WARN_STRICT_PROTOTYPES = YES;
				CLANG_WARN_SUSPICIOUS_MOVE = YES;
				CLANG_WARN_UNREACHABLE_CODE = YES;
				CLANG_WARN__DUPLICATE_METHOD_MATCH = YES;
				"CODE_SIGN_IDENTITY[sdk=iphoneos*]" = "iPhone Developer";
				COPY_PHASE_STRIP = NO;
				ENABLE_STRICT_OBJC_MSGSEND = YES;
				ENABLE_TESTABILITY = YES;
				GCC_C_LANGUAGE_STANDARD = gnu99;
				GCC_DYNAMIC_NO_PIC = NO;
				GCC_NO_COMMON_BLOCKS = YES;
				GCC_OPTIMIZATION_LEVEL = 0;
				GCC_PREPROCESSOR_DEFINITIONS = (
					"DEBUG=1",
					"$(inherited)",
				);
				GCC_SYMBOLS_PRIVATE_EXTERN = NO;
				GCC_WARN_64_TO_32_BIT_CONVERSION = YES;
				GCC_WARN_ABOUT_RETURN_TYPE = YES_ERROR;
				GCC_WARN_UNDECLARED_SELECTOR = YES;
				GCC_WARN_UNINITIALIZED_AUTOS = YES_AGGRESSIVE;
				GCC_WARN_UNUSED_FUNCTION = YES;
				GCC_WARN_UNUSED_VARIABLE = YES;
				IPHONEOS_DEPLOYMENT_TARGET = 11.0;
				LD_RUNPATH_SEARCH_PATHS = (
					/usr/lib/swift,
					"$(inherited)",
				);
				LIBRARY_SEARCH_PATHS = (
					"\"$(SDKROOT)/usr/lib/swift\"",
					"\"$(TOOLCHAIN_DIR)/usr/lib/swift/$(PLATFORM_NAME)\"",
					"\"$(inherited)\"",
				);
				MTL_ENABLE_DEBUG_INFO = YES;
				ONLY_ACTIVE_ARCH = YES;
				SDKROOT = iphoneos;
			};
			name = Debug;
		};
		83CBBA211A601CBA00E9B192 /* Release */ = {
			isa = XCBuildConfiguration;
			buildSettings = {
				ALWAYS_SEARCH_USER_PATHS = NO;
				CLANG_ANALYZER_LOCALIZABILITY_NONLOCALIZED = YES;
				CLANG_CXX_LANGUAGE_STANDARD = "gnu++0x";
				CLANG_CXX_LIBRARY = "libc++";
				CLANG_ENABLE_MODULES = YES;
				CLANG_ENABLE_OBJC_ARC = YES;
				CLANG_WARN_BLOCK_CAPTURE_AUTORELEASING = YES;
				CLANG_WARN_BOOL_CONVERSION = YES;
				CLANG_WARN_COMMA = YES;
				CLANG_WARN_CONSTANT_CONVERSION = YES;
				CLANG_WARN_DEPRECATED_OBJC_IMPLEMENTATIONS = YES;
				CLANG_WARN_DIRECT_OBJC_ISA_USAGE = YES_ERROR;
				CLANG_WARN_EMPTY_BODY = YES;
				CLANG_WARN_ENUM_CONVERSION = YES;
				CLANG_WARN_INFINITE_RECURSION = YES;
				CLANG_WARN_INT_CONVERSION = YES;
				CLANG_WARN_NON_LITERAL_NULL_CONVERSION = YES;
				CLANG_WARN_OBJC_IMPLICIT_RETAIN_SELF = YES;
				CLANG_WARN_OBJC_LITERAL_CONVERSION = YES;
				CLANG_WARN_OBJC_ROOT_CLASS = YES_ERROR;
				CLANG_WARN_QUOTED_INCLUDE_IN_FRAMEWORK_HEADER = YES;
				CLANG_WARN_RANGE_LOOP_ANALYSIS = YES;
				CLANG_WARN_STRICT_PROTOTYPES = YES;
				CLANG_WARN_SUSPICIOUS_MOVE = YES;
				CLANG_WARN_UNREACHABLE_CODE = YES;
				CLANG_WARN__DUPLICATE_METHOD_MATCH = YES;
				"CODE_SIGN_IDENTITY[sdk=iphoneos*]" = "iPhone Developer";
				COPY_PHASE_STRIP = YES;
				ENABLE_NS_ASSERTIONS = NO;
				ENABLE_STRICT_OBJC_MSGSEND = YES;
				GCC_C_LANGUAGE_STANDARD = gnu99;
				GCC_NO_COMMON_BLOCKS = YES;
				GCC_WARN_64_TO_32_BIT_CONVERSION = YES;
				GCC_WARN_ABOUT_RETURN_TYPE = YES_ERROR;
				GCC_WARN_UNDECLARED_SELECTOR = YES;
				GCC_WARN_UNINITIALIZED_AUTOS = YES_AGGRESSIVE;
				GCC_WARN_UNUSED_FUNCTION = YES;
				GCC_WARN_UNUSED_VARIABLE = YES;
				IPHONEOS_DEPLOYMENT_TARGET = 11.0;
				LD_RUNPATH_SEARCH_PATHS = (
					/usr/lib/swift,
					"$(inherited)",
				);
				LIBRARY_SEARCH_PATHS = (
					"\"$(SDKROOT)/usr/lib/swift\"",
					"\"$(TOOLCHAIN_DIR)/usr/lib/swift/$(PLATFORM_NAME)\"",
					"\"$(inherited)\"",
				);
				MTL_ENABLE_DEBUG_INFO = NO;
				SDKROOT = iphoneos;
				VALIDATE_PRODUCT = YES;
			};
			name = Release;
		};
/* End XCBuildConfiguration section */

/* Begin XCConfigurationList section */
		00E357021AD99517003FC87E /* Build configuration list for PBXNativeTarget "OmniTalkTests" */ = {
			isa = XCConfigurationList;
			buildConfigurations = (
				00E356F61AD99517003FC87E /* Debug */,
				00E356F71AD99517003FC87E /* Release */,
			);
			defaultConfigurationIsVisible = 0;
			defaultConfigurationName = Release;
		};
		13B07F931A680F5B00A75B9A /* Build configuration list for PBXNativeTarget "OmniTalk" */ = {
			isa = XCConfigurationList;
			buildConfigurations = (
				13B07F941A680F5B00A75B9A /* Debug */,
				13B07F951A680F5B00A75B9A /* Release */,
			);
			defaultConfigurationIsVisible = 0;
			defaultConfigurationName = Release;
		};
		83CBB9FA1A601CBA00E9B192 /* Build configuration list for PBXProject "OmniTalk" */ = {
			isa = XCConfigurationList;
			buildConfigurations = (
				83CBBA201A601CBA00E9B192 /* Debug */,
				83CBBA211A601CBA00E9B192 /* Release */,
			);
			defaultConfigurationIsVisible = 0;
			defaultConfigurationName = Release;
		};
/* End XCConfigurationList section */
	};
	rootObject = 83CBB9F71A601CBA00E9B192 /* Project object */;
}
